# THIS IS AN AUTOGENERATED FILE. DO NOT EDIT THIS FILE DIRECTLY.
# yarn lockfile v1


"@babel/runtime@^7.15.4":
  version "7.20.1"
  resolved "https://registry.yarnpkg.com/@babel/runtime/-/runtime-7.20.1.tgz#1148bb33ab252b165a06698fde7576092a78b4a9"
  integrity sha512-mrzLkl6U9YLF8qpqI7TB82PESyEGjm/0Ly91jG575eVxMMlb8fYfOXFZIJ8XfLrJZQbm7dlKry2bJmXBUEkdFg==
  dependencies:
    regenerator-runtime "^0.13.10"

"@mui/icons-material@5.0.5":
  version "5.0.5"
  resolved "https://registry.yarnpkg.com/@mui/icons-material/-/icons-material-5.0.5.tgz#7af61046da4e54de2da7fcf4bdeb3e439e7c10a7"
  integrity sha512-beJo4kmgZwr+2x0ppgHcqqdNQYX4WKddJyMn4eHJAh9dNAGyeY1AJ/8Po+TJKyoSr3C2ZqnW7WrSonAJr2HrUw==
  dependencies:
    "@babel/runtime" "^7.15.4"

regenerator-runtime@^0.13.10:
  version "0.13.10"
  resolved "https://registry.yarnpkg.com/regenerator-runtime/-/regenerator-runtime-0.13.10.tgz#ed07b19616bcbec5da6274ebc75ae95634bfc2ee"
  integrity sha512-KepLsg4dU12hryUO7bp/axHAKvwGOCV0sGloQtpagJ12ai+ojVDqkeGSiRX1zlq+kjIMZ1t7gpze+26QqtdGqw==
